# This file was autogenerated by Stack.
# You should not edit this file by hand.
# For more information, please see the documentation at:
#   https://docs.haskellstack.org/en/stable/lock_files

packages:
- completed:
    pantry-tree:
      sha256: fabbbc5ac3b70c3750b70222ee4fcefb7361b16e0e31ae46a292ed13b990ff3c
      size: 342
    hackage: text-replace-0.1.0.2@sha256:7dde41ab31a3c029398ea0529a14c35c49c9232917e4dc5a1c6d125fa06b9e9f,1769
  original:
    hackage: text-replace-0.1.0.2
snapshots:
- completed:
    sha256: 005f204647467d65c4ab549a5ca35d54b3d90a84a99a4ffc5d421a4018854fe2
    size: 618509
    url: https://raw.githubusercontent.com/commercialhaskell/stackage-snapshots/master/lts/19/10.yaml
  original:
    url: https://raw.githubusercontent.com/commercialhaskell/stackage-snapshots/master/lts/19/10.yaml
